schema: '2.0'
stages:
  data_collection:
    cmd: python src/data/data_collection.py
    deps:
    - path: src/data/data_collection.py
      hash: md5
      md5: d485a81ddf2d2cce3ed33891536a88d3
      size: 2030
    params:
      params.yaml:
        data_collection.test_size: 0.25
    outs:
    - path: data/raw
      hash: md5
      md5: f213c7cc514793018e69532b85e72729.dir
      size: 522262
      nfiles: 2
  pre_processing:
    cmd: python src/data/data_prep.py
    deps:
    - path: data/raw
      hash: md5
      md5: f213c7cc514793018e69532b85e72729.dir
      size: 522262
      nfiles: 2
    - path: src/data/data_prep.py
      hash: md5
      md5: f6fd7dd9187903815d7404ff678e42d5
      size: 1840
    outs:
    - path: data/processed
      hash: md5
      md5: 6ec0e2eb268ee646665b93cccf4bd961.dir
      size: 546865
      nfiles: 2
  model_building:
    cmd: python src/model/model_building.py
    deps:
    - path: data/processed
      hash: md5
      md5: 6ec0e2eb268ee646665b93cccf4bd961.dir
      size: 546865
      nfiles: 2
    - path: src/model/model_building.py
      hash: md5
      md5: ac5ef32bda9957e24aa6cd87d0ef0158
      size: 2023
    params:
      params.yaml:
        model_building.n_estimators: 250
    outs:
    - path: models/model.pkl
      hash: md5
      md5: ac92ba87308f3b7f51415e4bd0d69d7d
      size: 17342729
  model_evaluation:
    cmd: python src/model/model_eval.py
    deps:
    - path: models/model.pkl
      hash: md5
      md5: ac92ba87308f3b7f51415e4bd0d69d7d
      size: 17342729
    - path: src/model/model_eval.py
      hash: md5
      md5: e11fe06d0cd88553df0214728b8b369c
      size: 3011
    outs:
    - path: reports/metrics.json
      hash: md5
      md5: d19ca4b33fa406a4b85feb110a4d6843
      size: 151
