schema: '2.0'
stages:
  data_collection:
    cmd: python src/data/data_collection.py
    deps:
    - path: src/data/data_collection.py
      hash: md5
      md5: 578d8f4e09d34e5512ee14fc48eb6691
      size: 1991
    params:
      params.yaml:
        data_collection.test_size: 0.2
    outs:
    - path: data/raw
      hash: md5
      md5: c0c2d65c14a603e91e029fda3c344a5c.dir
      size: 522262
      nfiles: 2
  pre_processing:
    cmd: python src/data/data_prep.py
    deps:
    - path: data/raw
      hash: md5
      md5: c0c2d65c14a603e91e029fda3c344a5c.dir
      size: 522262
      nfiles: 2
    - path: src/data/data_prep.py
      hash: md5
      md5: f6fd7dd9187903815d7404ff678e42d5
      size: 1840
    outs:
    - path: data/processed
      hash: md5
      md5: e34c84b2d0f2a75442271cd6c5779b7c.dir
      size: 546895
      nfiles: 2
  model_building:
    cmd: python src/model/model_building.py
    deps:
    - path: data/processed
      hash: md5
      md5: e34c84b2d0f2a75442271cd6c5779b7c.dir
      size: 546895
      nfiles: 2
    - path: src/model/model_building.py
      hash: md5
      md5: ac5ef32bda9957e24aa6cd87d0ef0158
      size: 2023
    params:
      params.yaml:
        model_building.n_estimators: 1000
    outs:
    - path: models/model.pkl
      hash: md5
      md5: b633862af879df80bf14f131e698b543
      size: 73780548
  model_evaluation:
    cmd: python src/model/model_eval.py
    deps:
    - path: models/model.pkl
      hash: md5
      md5: b633862af879df80bf14f131e698b543
      size: 73780548
    - path: src/model/model_eval.py
      hash: md5
      md5: 77f4d0ea0dd4649ac91e521450d91f59
      size: 4982
    outs:
    - path: reports/metrics.json
      hash: md5
      md5: 9d246f95f48ef5f95d1fcd9e169c4edf
      size: 138
    - path: reports/run_info.json
      hash: md5
      md5: dda16c75a356ed783c603000b4b83309
      size: 87
  model_registration:
    cmd: python src/model/model_reg.py
    deps:
    - path: reports/run_info.json
      hash: md5
      md5: dda16c75a356ed783c603000b4b83309
      size: 87
    - path: src/model/model_reg.py
      hash: md5
      md5: f70053f076e33a7f41378f3ed6ad02ea
      size: 1349
